
Microsoft Visual Studio Solution File, Format Version 12.00
# Visual Studio Version 16
VisualStudioVersion = 16.0.29911.84
MinimumVisualStudioVersion = 10.0.40219.1
Project("{FAE04EC0-301F-11D3-BF4B-00C04F79EFBC}") = "LibSave", "LibSave\LibSave.csproj", "{3A63763C-9E02-4B71-AE64-CC8E958D9552}"
EndProject
Global
	GlobalSection(SolutionConfigurationPlatforms) = preSolution
		Debug|Any CPU = Debug|Any CPU
		Release|Any CPU = Release|Any CPU
	EndGlobalSection
	GlobalSection(ProjectConfigurationPlatforms) = postSolution
		{3A63763C-9E02-4B71-AE64-CC8E958D9552}.Debug|Any CPU.ActiveCfg = Debug|Any CPU
		{3A63763C-9E02-4B71-AE64-CC8E958D9552}.Debug|Any CPU.Build.0 = Debug|Any CPU
		{3A63763C-9E02-4B71-AE64-CC8E958D9552}.Release|Any CPU.ActiveCfg = Release|Any CPU
		{3A63763C-9E02-4B71-AE64-CC8E958D9552}.Release|Any CPU.Build.0 = Release|Any CPU
	EndGlobalSection
	GlobalSection(SolutionProperties) = preSolution
		HideSolutionNode = FALSE
	EndGlobalSection
	GlobalSection(ExtensibilityGlobals) = postSolution
		SolutionGuid = {BFB36555-E459-4C6E-AD70-223F2EC3D1E4}
	EndGlobalSection
EndGlobal
